
Microsoft Visual Studio Solution File, Format Version 12.00
# Visual Studio Version 17
VisualStudioVersion = 17.0.32014.148
MinimumVisualStudioVersion = 10.0.40219.1
Project("{9A19103F-16F7-4668-BE54-9A1E7A4F7556}") = "Dfe.Academies.Academisation.Domain", "Dfe.Academies.Academisation.Domain\Dfe.Academies.Academisation.Domain.csproj", "{DEAEE6CE-6FD8-462C-9899-EAD4BA2273A1}"
EndProject
Project("{9A19103F-16F7-4668-BE54-9A1E7A4F7556}") = "Dfe.Academies.Academisation.IDomain", "Dfe.Academies.Academisation.IDomain\Dfe.Academies.Academisation.IDomain.csproj", "{1916E8AB-3167-457D-AD1B-1EC4C1A92373}"
EndProject
Project("{9A19103F-16F7-4668-BE54-9A1E7A4F7556}") = "Dfe.Academies.Academisation.Domain.UnitTest", "Dfe.Academies.Academisation.Domain.UnitTest\Dfe.Academies.Academisation.Domain.UnitTest.csproj", "{4AD797FA-0D14-45D8-86BF-B965056764D2}"
EndProject
Project("{9A19103F-16F7-4668-BE54-9A1E7A4F7556}") = "Dfe.Academies.Academisation.Data", "Dfe.Academies.Academisation.Data\Dfe.Academies.Academisation.Data.csproj", "{F3DF5081-0CB4-4E8C-AD99-54CAF1851D4F}"
EndProject
Project("{9A19103F-16F7-4668-BE54-9A1E7A4F7556}") = "Dfe.Academies.Academisation.Data.UnitTest", "Dfe.Academies.Academisation.Data.UnitTest\Dfe.Academies.Academisation.Data.UnitTest.csproj", "{81E513D6-87D8-40C5-BF83-B4CAC0FBF775}"
EndProject
Project("{9A19103F-16F7-4668-BE54-9A1E7A4F7556}") = "Dfe.Academies.Academisation.Service", "Dfe.Academies.Academisation.Service\Dfe.Academies.Academisation.Service.csproj", "{EAA3B7AE-4E52-4774-9B23-D79F6E80E9BA}"
EndProject
Project("{9A19103F-16F7-4668-BE54-9A1E7A4F7556}") = "Dfe.Academies.Academisation.Service.UnitTest", "Dfe.Academies.Academisation.Service.UnitTest\Dfe.Academies.Academisation.Service.UnitTest.csproj", "{106EB485-0E64-418A-A9E9-FD3AC4773D51}"
EndProject
Project("{9A19103F-16F7-4668-BE54-9A1E7A4F7556}") = "Dfe.Academies.Academisation.IntegrationTest", "Dfe.Academies.Academisation.IntegrationTest\Dfe.Academies.Academisation.IntegrationTest.csproj", "{4D399515-0544-4A26-B8F0-586012BF436D}"
EndProject
Project("{9A19103F-16F7-4668-BE54-9A1E7A4F7556}") = "Dfe.Academies.Academisation.WebApi", "Dfe.Academies.Academisation.WebApi\Dfe.Academies.Academisation.WebApi.csproj", "{E05A0F6B-0AE5-4BB9-B3A5-C51329B79F39}"
EndProject
Project("{9A19103F-16F7-4668-BE54-9A1E7A4F7556}") = "Dfe.Academies.Academisation.IService", "Dfe.Academies.Academisation.IService\Dfe.Academies.Academisation.IService.csproj", "{CA1ADDB7-DE46-4B55-BA77-621DA848FF53}"
EndProject
Project("{9A19103F-16F7-4668-BE54-9A1E7A4F7556}") = "Dfe.Academies.Academisation.Domain.Core", "Dfe.Academies.Academisation.Domain.Core\Dfe.Academies.Academisation.Domain.Core.csproj", "{DA0F0AB0-2A90-4307-8ABA-44AAC88795A7}"
EndProject
Project("{2150E333-8FDC-42A3-9474-1A3956D46DE8}") = "Solution Items", "Solution Items", "{DEBF73E9-6537-4824-9BCF-0638CECEF7DA}"
	ProjectSection(SolutionItems) = preProject
		.editorconfig = .editorconfig
		.gitignore = .gitignore
		Dockerfile = Dockerfile
		README.md = README.md
		release-notes.md = release-notes.md
	EndProjectSection
EndProject
Project("{2150E333-8FDC-42A3-9474-1A3956D46DE8}") = "Data", "Data", "{5D372A37-BC9B-4476-A5E2-BC4DB7375768}"
EndProject
Project("{2150E333-8FDC-42A3-9474-1A3956D46DE8}") = "Domain", "Domain", "{C0D697CE-92C3-400E-A5AA-025352A1BD2F}"
EndProject
Project("{2150E333-8FDC-42A3-9474-1A3956D46DE8}") = "Service", "Service", "{72E118D3-331E-4A8B-8F07-E13B0732344C}"
EndProject
Project("{2150E333-8FDC-42A3-9474-1A3956D46DE8}") = "Core", "Core", "{B25A8373-7945-4241-B4AA-373745D8F369}"
EndProject
Project("{9A19103F-16F7-4668-BE54-9A1E7A4F7556}") = "Dfe.Academies.Academisation.Core", "Dfe.Academies.Academisation.Core\Dfe.Academies.Academisation.Core.csproj", "{9D343720-31EE-4D7A-B9D6-FA304CE168BD}"
EndProject
Project("{9A19103F-16F7-4668-BE54-9A1E7A4F7556}") = "Dfe.Academies.Academisation.WebApi.UnitTest", "Dfe.Academies.Academisation.WebApi.UnitTest\Dfe.Academies.Academisation.WebApi.UnitTest.csproj", "{B1683844-2C91-4678-8D62-C13F974DC222}"
EndProject
Project("{9A19103F-16F7-4668-BE54-9A1E7A4F7556}") = "Dfe.Academies.Academisation.Core.Test", "Dfe.Academies.Academisation.Core.Test\Dfe.Academies.Academisation.Core.Test.csproj", "{5288CE8C-AA8F-4B32-B617-049D16B13471}"
EndProject
Project("{9A19103F-16F7-4668-BE54-9A1E7A4F7556}") = "Dfe.Academies.Academisation.SubcutaneousTest", "Dfe.Academies.Academisation.SubcutaneousTest\Dfe.Academies.Academisation.SubcutaneousTest.csproj", "{DFF6043C-B40F-4DC7-AFB0-8796CEC70D4C}"
EndProject
Project("{9A19103F-16F7-4668-BE54-9A1E7A4F7556}") = "Dfe.Academies.Academisation.Seed", "Dfe.Academies.Academisation.Seed\Dfe.Academies.Academisation.Seed.csproj", "{FDA48BDF-BEA9-4235-BC75-2108CD9F0ECD}"
EndProject
Global
	GlobalSection(SolutionConfigurationPlatforms) = preSolution
		Debug|Any CPU = Debug|Any CPU
		Release|Any CPU = Release|Any CPU
	EndGlobalSection
	GlobalSection(ProjectConfigurationPlatforms) = postSolution
		{DEAEE6CE-6FD8-462C-9899-EAD4BA2273A1}.Debug|Any CPU.ActiveCfg = Debug|Any CPU
		{DEAEE6CE-6FD8-462C-9899-EAD4BA2273A1}.Debug|Any CPU.Build.0 = Debug|Any CPU
		{DEAEE6CE-6FD8-462C-9899-EAD4BA2273A1}.Release|Any CPU.ActiveCfg = Release|Any CPU
		{DEAEE6CE-6FD8-462C-9899-EAD4BA2273A1}.Release|Any CPU.Build.0 = Release|Any CPU
		{1916E8AB-3167-457D-AD1B-1EC4C1A92373}.Debug|Any CPU.ActiveCfg = Debug|Any CPU
		{1916E8AB-3167-457D-AD1B-1EC4C1A92373}.Debug|Any CPU.Build.0 = Debug|Any CPU
		{1916E8AB-3167-457D-AD1B-1EC4C1A92373}.Release|Any CPU.ActiveCfg = Release|Any CPU
		{1916E8AB-3167-457D-AD1B-1EC4C1A92373}.Release|Any CPU.Build.0 = Release|Any CPU
		{4AD797FA-0D14-45D8-86BF-B965056764D2}.Debug|Any CPU.ActiveCfg = Debug|Any CPU
		{4AD797FA-0D14-45D8-86BF-B965056764D2}.Debug|Any CPU.Build.0 = Debug|Any CPU
		{4AD797FA-0D14-45D8-86BF-B965056764D2}.Release|Any CPU.ActiveCfg = Release|Any CPU
		{4AD797FA-0D14-45D8-86BF-B965056764D2}.Release|Any CPU.Build.0 = Release|Any CPU
		{F3DF5081-0CB4-4E8C-AD99-54CAF1851D4F}.Debug|Any CPU.ActiveCfg = Debug|Any CPU
		{F3DF5081-0CB4-4E8C-AD99-54CAF1851D4F}.Debug|Any CPU.Build.0 = Debug|Any CPU
		{F3DF5081-0CB4-4E8C-AD99-54CAF1851D4F}.Release|Any CPU.ActiveCfg = Release|Any CPU
		{F3DF5081-0CB4-4E8C-AD99-54CAF1851D4F}.Release|Any CPU.Build.0 = Release|Any CPU
		{81E513D6-87D8-40C5-BF83-B4CAC0FBF775}.Debug|Any CPU.ActiveCfg = Debug|Any CPU
		{81E513D6-87D8-40C5-BF83-B4CAC0FBF775}.Debug|Any CPU.Build.0 = Debug|Any CPU
		{81E513D6-87D8-40C5-BF83-B4CAC0FBF775}.Release|Any CPU.ActiveCfg = Release|Any CPU
		{81E513D6-87D8-40C5-BF83-B4CAC0FBF775}.Release|Any CPU.Build.0 = Release|Any CPU
		{EAA3B7AE-4E52-4774-9B23-D79F6E80E9BA}.Debug|Any CPU.ActiveCfg = Debug|Any CPU
		{EAA3B7AE-4E52-4774-9B23-D79F6E80E9BA}.Debug|Any CPU.Build.0 = Debug|Any CPU
		{EAA3B7AE-4E52-4774-9B23-D79F6E80E9BA}.Release|Any CPU.ActiveCfg = Release|Any CPU
		{EAA3B7AE-4E52-4774-9B23-D79F6E80E9BA}.Release|Any CPU.Build.0 = Release|Any CPU
		{106EB485-0E64-418A-A9E9-FD3AC4773D51}.Debug|Any CPU.ActiveCfg = Debug|Any CPU
		{106EB485-0E64-418A-A9E9-FD3AC4773D51}.Debug|Any CPU.Build.0 = Debug|Any CPU
		{106EB485-0E64-418A-A9E9-FD3AC4773D51}.Release|Any CPU.ActiveCfg = Release|Any CPU
		{106EB485-0E64-418A-A9E9-FD3AC4773D51}.Release|Any CPU.Build.0 = Release|Any CPU
		{4D399515-0544-4A26-B8F0-586012BF436D}.Debug|Any CPU.ActiveCfg = Debug|Any CPU
		{4D399515-0544-4A26-B8F0-586012BF436D}.Debug|Any CPU.Build.0 = Debug|Any CPU
		{4D399515-0544-4A26-B8F0-586012BF436D}.Release|Any CPU.ActiveCfg = Release|Any CPU
		{4D399515-0544-4A26-B8F0-586012BF436D}.Release|Any CPU.Build.0 = Release|Any CPU
		{E05A0F6B-0AE5-4BB9-B3A5-C51329B79F39}.Debug|Any CPU.ActiveCfg = Debug|Any CPU
		{E05A0F6B-0AE5-4BB9-B3A5-C51329B79F39}.Debug|Any CPU.Build.0 = Debug|Any CPU
		{E05A0F6B-0AE5-4BB9-B3A5-C51329B79F39}.Release|Any CPU.ActiveCfg = Release|Any CPU
		{E05A0F6B-0AE5-4BB9-B3A5-C51329B79F39}.Release|Any CPU.Build.0 = Release|Any CPU
		{CA1ADDB7-DE46-4B55-BA77-621DA848FF53}.Debug|Any CPU.ActiveCfg = Debug|Any CPU
		{CA1ADDB7-DE46-4B55-BA77-621DA848FF53}.Debug|Any CPU.Build.0 = Debug|Any CPU
		{CA1ADDB7-DE46-4B55-BA77-621DA848FF53}.Release|Any CPU.ActiveCfg = Release|Any CPU
		{CA1ADDB7-DE46-4B55-BA77-621DA848FF53}.Release|Any CPU.Build.0 = Release|Any CPU
		{DA0F0AB0-2A90-4307-8ABA-44AAC88795A7}.Debug|Any CPU.ActiveCfg = Debug|Any CPU
		{DA0F0AB0-2A90-4307-8ABA-44AAC88795A7}.Debug|Any CPU.Build.0 = Debug|Any CPU
		{DA0F0AB0-2A90-4307-8ABA-44AAC88795A7}.Release|Any CPU.ActiveCfg = Release|Any CPU
		{DA0F0AB0-2A90-4307-8ABA-44AAC88795A7}.Release|Any CPU.Build.0 = Release|Any CPU
		{9D343720-31EE-4D7A-B9D6-FA304CE168BD}.Debug|Any CPU.ActiveCfg = Debug|Any CPU
		{9D343720-31EE-4D7A-B9D6-FA304CE168BD}.Debug|Any CPU.Build.0 = Debug|Any CPU
		{9D343720-31EE-4D7A-B9D6-FA304CE168BD}.Release|Any CPU.ActiveCfg = Release|Any CPU
		{9D343720-31EE-4D7A-B9D6-FA304CE168BD}.Release|Any CPU.Build.0 = Release|Any CPU
		{B1683844-2C91-4678-8D62-C13F974DC222}.Debug|Any CPU.ActiveCfg = Debug|Any CPU
		{B1683844-2C91-4678-8D62-C13F974DC222}.Debug|Any CPU.Build.0 = Debug|Any CPU
		{B1683844-2C91-4678-8D62-C13F974DC222}.Release|Any CPU.ActiveCfg = Release|Any CPU
		{B1683844-2C91-4678-8D62-C13F974DC222}.Release|Any CPU.Build.0 = Release|Any CPU
		{5288CE8C-AA8F-4B32-B617-049D16B13471}.Debug|Any CPU.ActiveCfg = Debug|Any CPU
		{5288CE8C-AA8F-4B32-B617-049D16B13471}.Debug|Any CPU.Build.0 = Debug|Any CPU
		{5288CE8C-AA8F-4B32-B617-049D16B13471}.Release|Any CPU.ActiveCfg = Release|Any CPU
		{5288CE8C-AA8F-4B32-B617-049D16B13471}.Release|Any CPU.Build.0 = Release|Any CPU
		{DFF6043C-B40F-4DC7-AFB0-8796CEC70D4C}.Debug|Any CPU.ActiveCfg = Debug|Any CPU
		{DFF6043C-B40F-4DC7-AFB0-8796CEC70D4C}.Debug|Any CPU.Build.0 = Debug|Any CPU
		{DFF6043C-B40F-4DC7-AFB0-8796CEC70D4C}.Release|Any CPU.ActiveCfg = Release|Any CPU
		{DFF6043C-B40F-4DC7-AFB0-8796CEC70D4C}.Release|Any CPU.Build.0 = Release|Any CPU
		{FDA48BDF-BEA9-4235-BC75-2108CD9F0ECD}.Debug|Any CPU.ActiveCfg = Debug|Any CPU
		{FDA48BDF-BEA9-4235-BC75-2108CD9F0ECD}.Debug|Any CPU.Build.0 = Debug|Any CPU
		{FDA48BDF-BEA9-4235-BC75-2108CD9F0ECD}.Release|Any CPU.ActiveCfg = Release|Any CPU
		{FDA48BDF-BEA9-4235-BC75-2108CD9F0ECD}.Release|Any CPU.Build.0 = Release|Any CPU
	EndGlobalSection
	GlobalSection(SolutionProperties) = preSolution
		HideSolutionNode = FALSE
	EndGlobalSection
	GlobalSection(NestedProjects) = preSolution
		{DEAEE6CE-6FD8-462C-9899-EAD4BA2273A1} = {C0D697CE-92C3-400E-A5AA-025352A1BD2F}
		{1916E8AB-3167-457D-AD1B-1EC4C1A92373} = {C0D697CE-92C3-400E-A5AA-025352A1BD2F}
		{4AD797FA-0D14-45D8-86BF-B965056764D2} = {C0D697CE-92C3-400E-A5AA-025352A1BD2F}
		{F3DF5081-0CB4-4E8C-AD99-54CAF1851D4F} = {5D372A37-BC9B-4476-A5E2-BC4DB7375768}
		{81E513D6-87D8-40C5-BF83-B4CAC0FBF775} = {5D372A37-BC9B-4476-A5E2-BC4DB7375768}
		{EAA3B7AE-4E52-4774-9B23-D79F6E80E9BA} = {72E118D3-331E-4A8B-8F07-E13B0732344C}
		{106EB485-0E64-418A-A9E9-FD3AC4773D51} = {72E118D3-331E-4A8B-8F07-E13B0732344C}
		{CA1ADDB7-DE46-4B55-BA77-621DA848FF53} = {72E118D3-331E-4A8B-8F07-E13B0732344C}
		{DA0F0AB0-2A90-4307-8ABA-44AAC88795A7} = {C0D697CE-92C3-400E-A5AA-025352A1BD2F}
		{9D343720-31EE-4D7A-B9D6-FA304CE168BD} = {B25A8373-7945-4241-B4AA-373745D8F369}
		{5288CE8C-AA8F-4B32-B617-049D16B13471} = {B25A8373-7945-4241-B4AA-373745D8F369}
		{FDA48BDF-BEA9-4235-BC75-2108CD9F0ECD} = {5D372A37-BC9B-4476-A5E2-BC4DB7375768}
	EndGlobalSection
	GlobalSection(ExtensibilityGlobals) = postSolution
		SolutionGuid = {623D1427-375F-4E22-A15E-4DC732A76BC2}
	EndGlobalSection
EndGlobal
